
Microsoft Visual Studio Solution File, Format Version 12.00
# Visual Studio Version 16
VisualStudioVersion = 16.0.31005.135
MinimumVisualStudioVersion = 10.0.40219.1
Project("{FAE04EC0-301F-11D3-BF4B-00C04F79EFBC}") = "pickANumberGame", "pickANumberGame\pickANumberGame.csproj", "{D80F396C-29F6-444D-BBEB-DCFA8DD7DCBF}"
EndProject
Global
	GlobalSection(SolutionConfigurationPlatforms) = preSolution
		Debug|Any CPU = Debug|Any CPU
		Release|Any CPU = Release|Any CPU
	EndGlobalSection
	GlobalSection(ProjectConfigurationPlatforms) = postSolution
		{D80F396C-29F6-444D-BBEB-DCFA8DD7DCBF}.Debug|Any CPU.ActiveCfg = Debug|Any CPU
		{D80F396C-29F6-444D-BBEB-DCFA8DD7DCBF}.Debug|Any CPU.Build.0 = Debug|Any CPU
		{D80F396C-29F6-444D-BBEB-DCFA8DD7DCBF}.Release|Any CPU.ActiveCfg = Release|Any CPU
		{D80F396C-29F6-444D-BBEB-DCFA8DD7DCBF}.Release|Any CPU.Build.0 = Release|Any CPU
	EndGlobalSection
	GlobalSection(SolutionProperties) = preSolution
		HideSolutionNode = FALSE
	EndGlobalSection
	GlobalSection(ExtensibilityGlobals) = postSolution
		SolutionGuid = {E47ADB5D-5D2E-4A86-AB99-4502A93345A0}
	EndGlobalSection
EndGlobal
